
Microsoft Visual Studio Solution File, Format Version 12.00
# Visual Studio Version 16
VisualStudioVersion = 16.0.29709.97
MinimumVisualStudioVersion = 10.0.40219.1
Project("{FAE04EC0-301F-11D3-BF4B-00C04F79EFBC}") = "DataGridApp", "DataGridApp\DataGridApp.csproj", "{D85290CF-2E14-4EEB-A2D9-ED5643C1DCBD}"
EndProject
Global
	GlobalSection(SolutionConfigurationPlatforms) = preSolution
		Debug|ARM = Debug|ARM
		Debug|ARM64 = Debug|ARM64
		Debug|x64 = Debug|x64
		Debug|x86 = Debug|x86
		Release|ARM = Release|ARM
		Release|ARM64 = Release|ARM64
		Release|x64 = Release|x64
		Release|x86 = Release|x86
	EndGlobalSection
	GlobalSection(ProjectConfigurationPlatforms) = postSolution
		{D85290CF-2E14-4EEB-A2D9-ED5643C1DCBD}.Debug|ARM.ActiveCfg = Debug|ARM
		{D85290CF-2E14-4EEB-A2D9-ED5643C1DCBD}.Debug|ARM.Build.0 = Debug|ARM
		{D85290CF-2E14-4EEB-A2D9-ED5643C1DCBD}.Debug|ARM.Deploy.0 = Debug|ARM
		{D85290CF-2E14-4EEB-A2D9-ED5643C1DCBD}.Debug|ARM64.ActiveCfg = Debug|ARM64
		{D85290CF-2E14-4EEB-A2D9-ED5643C1DCBD}.Debug|ARM64.Build.0 = Debug|ARM64
		{D85290CF-2E14-4EEB-A2D9-ED5643C1DCBD}.Debug|ARM64.Deploy.0 = Debug|ARM64
		{D85290CF-2E14-4EEB-A2D9-ED5643C1DCBD}.Debug|x64.ActiveCfg = Debug|x64
		{D85290CF-2E14-4EEB-A2D9-ED5643C1DCBD}.Debug|x64.Build.0 = Debug|x64
		{D85290CF-2E14-4EEB-A2D9-ED5643C1DCBD}.Debug|x64.Deploy.0 = Debug|x64
		{D85290CF-2E14-4EEB-A2D9-ED5643C1DCBD}.Debug|x86.ActiveCfg = Debug|x86
		{D85290CF-2E14-4EEB-A2D9-ED5643C1DCBD}.Debug|x86.Build.0 = Debug|x86
		{D85290CF-2E14-4EEB-A2D9-ED5643C1DCBD}.Debug|x86.Deploy.0 = Debug|x86
		{D85290CF-2E14-4EEB-A2D9-ED5643C1DCBD}.Release|ARM.ActiveCfg = Release|ARM
		{D85290CF-2E14-4EEB-A2D9-ED5643C1DCBD}.Release|ARM.Build.0 = Release|ARM
		{D85290CF-2E14-4EEB-A2D9-ED5643C1DCBD}.Release|ARM.Deploy.0 = Release|ARM
		{D85290CF-2E14-4EEB-A2D9-ED5643C1DCBD}.Release|ARM64.ActiveCfg = Release|ARM64
		{D85290CF-2E14-4EEB-A2D9-ED5643C1DCBD}.Release|ARM64.Build.0 = Release|ARM64
		{D85290CF-2E14-4EEB-A2D9-ED5643C1DCBD}.Release|ARM64.Deploy.0 = Release|ARM64
		{D85290CF-2E14-4EEB-A2D9-ED5643C1DCBD}.Release|x64.ActiveCfg = Release|x64
		{D85290CF-2E14-4EEB-A2D9-ED5643C1DCBD}.Release|x64.Build.0 = Release|x64
		{D85290CF-2E14-4EEB-A2D9-ED5643C1DCBD}.Release|x64.Deploy.0 = Release|x64
		{D85290CF-2E14-4EEB-A2D9-ED5643C1DCBD}.Release|x86.ActiveCfg = Release|x86
		{D85290CF-2E14-4EEB-A2D9-ED5643C1DCBD}.Release|x86.Build.0 = Release|x86
		{D85290CF-2E14-4EEB-A2D9-ED5643C1DCBD}.Release|x86.Deploy.0 = Release|x86
	EndGlobalSection
	GlobalSection(SolutionProperties) = preSolution
		HideSolutionNode = FALSE
	EndGlobalSection
	GlobalSection(ExtensibilityGlobals) = postSolution
		SolutionGuid = {E27EF057-EA40-469F-998A-942A4464C2A0}
	EndGlobalSection
EndGlobal
